
Microsoft Visual Studio Solution File, Format Version 12.00
# Visual Studio 15
VisualStudioVersion = 15.0.26403.7
MinimumVisualStudioVersion = 10.0.40219.1
Project("{FAE04EC0-301F-11D3-BF4B-00C04F79EFBC}") = "WindowsFormsApp2", "WindowsFormsApp2\WindowsFormsApp2.csproj", "{B5DD2642-BDC2-4D63-9207-F6F84346D6AF}"
EndProject
Global
	GlobalSection(SolutionConfigurationPlatforms) = preSolution
		Debug|Any CPU = Debug|Any CPU
		Release|Any CPU = Release|Any CPU
	EndGlobalSection
	GlobalSection(ProjectConfigurationPlatforms) = postSolution
		{B5DD2642-BDC2-4D63-9207-F6F84346D6AF}.Debug|Any CPU.ActiveCfg = Debug|Any CPU
		{B5DD2642-BDC2-4D63-9207-F6F84346D6AF}.Debug|Any CPU.Build.0 = Debug|Any CPU
		{B5DD2642-BDC2-4D63-9207-F6F84346D6AF}.Release|Any CPU.ActiveCfg = Release|Any CPU
		{B5DD2642-BDC2-4D63-9207-F6F84346D6AF}.Release|Any CPU.Build.0 = Release|Any CPU
	EndGlobalSection
	GlobalSection(SolutionProperties) = preSolution
		HideSolutionNode = FALSE
	EndGlobalSection
EndGlobal
